
Microsoft Visual Studio Solution File, Format Version 12.00
# Visual Studio Version 17
VisualStudioVersion = 17.8.34330.188
MinimumVisualStudioVersion = 10.0.40219.1
Project("{FAE04EC0-301F-11D3-BF4B-00C04F79EFBC}") = "sinif2odev9", "sinif2odev9\sinif2odev9.csproj", "{FDE8461B-6111-4D52-8D60-E8324CA593F1}"
EndProject
Project("{FAE04EC0-301F-11D3-BF4B-00C04F79EFBC}") = "KonsolUygulamasi", "KonsolUygulamasi\KonsolUygulamasi\KonsolUygulamasi.csproj", "{6424AA5C-6D90-4C35-B78A-5D4EC1B9AC91}"
EndProject
Global
	GlobalSection(SolutionConfigurationPlatforms) = preSolution
		Debug|Any CPU = Debug|Any CPU
		Release|Any CPU = Release|Any CPU
	EndGlobalSection
	GlobalSection(ProjectConfigurationPlatforms) = postSolution
		{FDE8461B-6111-4D52-8D60-E8324CA593F1}.Debug|Any CPU.ActiveCfg = Debug|Any CPU
		{FDE8461B-6111-4D52-8D60-E8324CA593F1}.Debug|Any CPU.Build.0 = Debug|Any CPU
		{FDE8461B-6111-4D52-8D60-E8324CA593F1}.Release|Any CPU.ActiveCfg = Release|Any CPU
		{FDE8461B-6111-4D52-8D60-E8324CA593F1}.Release|Any CPU.Build.0 = Release|Any CPU
		{6424AA5C-6D90-4C35-B78A-5D4EC1B9AC91}.Debug|Any CPU.ActiveCfg = Debug|Any CPU
		{6424AA5C-6D90-4C35-B78A-5D4EC1B9AC91}.Debug|Any CPU.Build.0 = Debug|Any CPU
		{6424AA5C-6D90-4C35-B78A-5D4EC1B9AC91}.Release|Any CPU.ActiveCfg = Release|Any CPU
		{6424AA5C-6D90-4C35-B78A-5D4EC1B9AC91}.Release|Any CPU.Build.0 = Release|Any CPU
	EndGlobalSection
	GlobalSection(SolutionProperties) = preSolution
		HideSolutionNode = FALSE
	EndGlobalSection
	GlobalSection(ExtensibilityGlobals) = postSolution
		SolutionGuid = {7629AFB3-D317-4976-BE44-913241D65F4B}
	EndGlobalSection
EndGlobal
